
Microsoft Visual Studio Solution File, Format Version 12.00
# Visual Studio Version 17
VisualStudioVersion = 17.5.33516.290
MinimumVisualStudioVersion = 10.0.40219.1
Project("{9A19103F-16F7-4668-BE54-9A1E7A4F7556}") = "OnlineBookStore.Api", "OnlineBookStore\OnlineBookStore.Api.csproj", "{FEE632A1-2F5A-4BEA-B6AD-9C97708167EB}"
EndProject
Project("{9A19103F-16F7-4668-BE54-9A1E7A4F7556}") = "OnlineBookStore.Entity", "OnlineBookStore.Entity\OnlineBookStore.Entity.csproj", "{A3992B9B-689F-4D09-BE52-F9C978137ADE}"
EndProject
Project("{FAE04EC0-301F-11D3-BF4B-00C04F79EFBC}") = "OnlineBookStore.OrderProcessingService", "OnlineBookStore.OrderProcessingService\OnlineBookStore.OrderProcessingService.csproj", "{214BCFB5-2AB3-4A64-AF54-3FD76EA3860A}"
EndProject
Global
	GlobalSection(SolutionConfigurationPlatforms) = preSolution
		Debug|Any CPU = Debug|Any CPU
		Release|Any CPU = Release|Any CPU
	EndGlobalSection
	GlobalSection(ProjectConfigurationPlatforms) = postSolution
		{FEE632A1-2F5A-4BEA-B6AD-9C97708167EB}.Debug|Any CPU.ActiveCfg = Debug|Any CPU
		{FEE632A1-2F5A-4BEA-B6AD-9C97708167EB}.Debug|Any CPU.Build.0 = Debug|Any CPU
		{FEE632A1-2F5A-4BEA-B6AD-9C97708167EB}.Release|Any CPU.ActiveCfg = Release|Any CPU
		{FEE632A1-2F5A-4BEA-B6AD-9C97708167EB}.Release|Any CPU.Build.0 = Release|Any CPU
		{A3992B9B-689F-4D09-BE52-F9C978137ADE}.Debug|Any CPU.ActiveCfg = Debug|Any CPU
		{A3992B9B-689F-4D09-BE52-F9C978137ADE}.Debug|Any CPU.Build.0 = Debug|Any CPU
		{A3992B9B-689F-4D09-BE52-F9C978137ADE}.Release|Any CPU.ActiveCfg = Release|Any CPU
		{A3992B9B-689F-4D09-BE52-F9C978137ADE}.Release|Any CPU.Build.0 = Release|Any CPU
		{214BCFB5-2AB3-4A64-AF54-3FD76EA3860A}.Debug|Any CPU.ActiveCfg = Debug|Any CPU
		{214BCFB5-2AB3-4A64-AF54-3FD76EA3860A}.Debug|Any CPU.Build.0 = Debug|Any CPU
		{214BCFB5-2AB3-4A64-AF54-3FD76EA3860A}.Release|Any CPU.ActiveCfg = Release|Any CPU
		{214BCFB5-2AB3-4A64-AF54-3FD76EA3860A}.Release|Any CPU.Build.0 = Release|Any CPU
	EndGlobalSection
	GlobalSection(SolutionProperties) = preSolution
		HideSolutionNode = FALSE
	EndGlobalSection
	GlobalSection(ExtensibilityGlobals) = postSolution
		SolutionGuid = {75FF8DF6-18D4-460E-A337-37915605D64B}
	EndGlobalSection
EndGlobal
